// !$*UTF8*$!
{
	archiveVersion = 1;
	classes = {
	};
	objectVersion = 46;
	objects = {

/* Begin PBXBuildFile section */
		202FF3BE1AECB2F0007870AD /* IntroductionContainerViewController.swift in Sources */ = {isa = PBXBuildFile; fileRef = 202FF3BD1AECB2F0007870AD /* IntroductionContainerViewController.swift */; };
		20959BFB1AEA4D4500264598 /* AppDelegate.swift in Sources */ = {isa = PBXBuildFile; fileRef = 20959BFA1AEA4D4500264598 /* AppDelegate.swift */; };
		20959BFD1AEA4D4500264598 /* IntroductionViewController.swift in Sources */ = {isa = PBXBuildFile; fileRef = 20959BFC1AEA4D4500264598 /* IntroductionViewController.swift */; };
		20959C001AEA4D4500264598 /* Main.storyboard in Resources */ = {isa = PBXBuildFile; fileRef = 20959BFE1AEA4D4500264598 /* Main.storyboard */; };
		20959C021AEA4D4500264598 /* Images.xcassets in Resources */ = {isa = PBXBuildFile; fileRef = 20959C011AEA4D4500264598 /* Images.xcassets */; };
		20959C051AEA4D4500264598 /* LaunchScreen.xib in Resources */ = {isa = PBXBuildFile; fileRef = 20959C031AEA4D4500264598 /* LaunchScreen.xib */; };
		20959C111AEA4D4500264598 /* An_l_Go_ktas_Tests.swift in Sources */ = {isa = PBXBuildFile; fileRef = 20959C101AEA4D4500264598 /* An_l_Go_ktas_Tests.swift */; };
		20959C1C1AEA4D6C00264598 /* Project.swift in Sources */ = {isa = PBXBuildFile; fileRef = 20959C1A1AEA4D6C00264598 /* Project.swift */; };
		20959C1D1AEA4D6C00264598 /* Projects.plist in Resources */ = {isa = PBXBuildFile; fileRef = 20959C1B1AEA4D6C00264598 /* Projects.plist */; };
		20959C221AEA94AF00264598 /* UIExtension.swift in Sources */ = {isa = PBXBuildFile; fileRef = 20959C211AEA94AF00264598 /* UIExtension.swift */; };
		20DB97521AEC0C430028F8F7 /* AboutViewController.swift in Sources */ = {isa = PBXBuildFile; fileRef = 20DB97511AEC0C430028F8F7 /* AboutViewController.swift */; };
		20DB97561AEC42690028F8F7 /* TabBarController.swift in Sources */ = {isa = PBXBuildFile; fileRef = 20DB97551AEC42690028F8F7 /* TabBarController.swift */; };
		20E608131AECC6F9007AE65E /* ProjectViewController.swift in Sources */ = {isa = PBXBuildFile; fileRef = 20E608121AECC6F9007AE65E /* ProjectViewController.swift */; };
		20E91A9E1AECC49C00522460 /* ProjectsViewController.swift in Sources */ = {isa = PBXBuildFile; fileRef = 20E91A9D1AECC49C00522460 /* ProjectsViewController.swift */; };
/* End PBXBuildFile section */

/* Begin PBXContainerItemProxy section */
		20959C0B1AEA4D4500264598 /* PBXContainerItemProxy */ = {
			isa = PBXContainerItemProxy;
			containerPortal = 20959BED1AEA4D4500264598 /* Project object */;
			proxyType = 1;
			remoteGlobalIDString = 20959BF41AEA4D4500264598;
			remoteInfo = "Anıl Göktaş";
		};
/* End PBXContainerItemProxy section */

/* Begin PBXFileReference section */
		2012C1D11C0B8D89002FD7A1 /* Anıl Göktaş copy-Info.plist */ = {isa = PBXFileReference; lastKnownFileType = text.plist.xml; name = "Anıl Göktaş copy-Info.plist"; path = "/Users/anilgoktas/Desktop/Anil-Goktas/Anıl Göktaş copy-Info.plist"; sourceTree = "<absolute>"; };
		202FF3BD1AECB2F0007870AD /* IntroductionContainerViewController.swift */ = {isa = PBXFileReference; fileEncoding = 4; lastKnownFileType = sourcecode.swift; path = IntroductionContainerViewController.swift; sourceTree = "<group>"; };
		20959BF51AEA4D4500264598 /* Anıl Göktaş.app */ = {isa = PBXFileReference; explicitFileType = wrapper.application; includeInIndex = 0; path = "Anıl Göktaş.app"; sourceTree = BUILT_PRODUCTS_DIR; };
		20959BF91AEA4D4500264598 /* Info.plist */ = {isa = PBXFileReference; lastKnownFileType = text.plist.xml; path = Info.plist; sourceTree = "<group>"; };
		20959BFA1AEA4D4500264598 /* AppDelegate.swift */ = {isa = PBXFileReference; lastKnownFileType = sourcecode.swift; path = AppDelegate.swift; sourceTree = "<group>"; };
		20959BFC1AEA4D4500264598 /* IntroductionViewController.swift */ = {isa = PBXFileReference; lastKnownFileType = sourcecode.swift; path = IntroductionViewController.swift; sourceTree = "<group>"; };
		20959BFF1AEA4D4500264598 /* Base */ = {isa = PBXFileReference; lastKnownFileType = file.storyboard; name = Base; path = Base.lproj/Main.storyboard; sourceTree = "<group>"; };
		20959C011AEA4D4500264598 /* Images.xcassets */ = {isa = PBXFileReference; lastKnownFileType = folder.assetcatalog; path = Images.xcassets; sourceTree = "<group>"; };
		20959C041AEA4D4500264598 /* Base */ = {isa = PBXFileReference; lastKnownFileType = file.xib; name = Base; path = Base.lproj/LaunchScreen.xib; sourceTree = "<group>"; };
		20959C0A1AEA4D4500264598 /* Anıl GöktaşTests.xctest */ = {isa = PBXFileReference; explicitFileType = wrapper.cfbundle; includeInIndex = 0; path = "Anıl GöktaşTests.xctest"; sourceTree = BUILT_PRODUCTS_DIR; };
		20959C0F1AEA4D4500264598 /* Info.plist */ = {isa = PBXFileReference; lastKnownFileType = text.plist.xml; path = Info.plist; sourceTree = "<group>"; };
		20959C101AEA4D4500264598 /* An_l_Go_ktas_Tests.swift */ = {isa = PBXFileReference; lastKnownFileType = sourcecode.swift; path = An_l_Go_ktas_Tests.swift; sourceTree = "<group>"; };
		20959C1A1AEA4D6C00264598 /* Project.swift */ = {isa = PBXFileReference; fileEncoding = 4; lastKnownFileType = sourcecode.swift; path = Project.swift; sourceTree = "<group>"; };
		20959C1B1AEA4D6C00264598 /* Projects.plist */ = {isa = PBXFileReference; fileEncoding = 4; lastKnownFileType = text.plist.xml; path = Projects.plist; sourceTree = "<group>"; };
		20959C211AEA94AF00264598 /* UIExtension.swift */ = {isa = PBXFileReference; fileEncoding = 4; lastKnownFileType = sourcecode.swift; path = UIExtension.swift; sourceTree = "<group>"; };
		20DB97511AEC0C430028F8F7 /* AboutViewController.swift */ = {isa = PBXFileReference; fileEncoding = 4; lastKnownFileType = sourcecode.swift; path = AboutViewController.swift; sourceTree = "<group>"; };
		20DB97551AEC42690028F8F7 /* TabBarController.swift */ = {isa = PBXFileReference; fileEncoding = 4; lastKnownFileType = sourcecode.swift; path = TabBarController.swift; sourceTree = "<group>"; };
		20E608121AECC6F9007AE65E /* ProjectViewController.swift */ = {isa = PBXFileReference; fileEncoding = 4; lastKnownFileType = sourcecode.swift; path = ProjectViewController.swift; sourceTree = "<group>"; };
		20E91A9D1AECC49C00522460 /* ProjectsViewController.swift */ = {isa = PBXFileReference; fileEncoding = 4; lastKnownFileType = sourcecode.swift; path = ProjectsViewController.swift; sourceTree = "<group>"; };
/* End PBXFileReference section */

/* Begin PBXFrameworksBuildPhase section */
		20959BF21AEA4D4500264598 /* Frameworks */ = {
			isa = PBXFrameworksBuildPhase;
			buildActionMask = 2147483647;
			files = (
			);
			runOnlyForDeploymentPostprocessing = 0;
		};
		20959C071AEA4D4500264598 /* Frameworks */ = {
			isa = PBXFrameworksBuildPhase;
			buildActionMask = 2147483647;
			files = (
			);
			runOnlyForDeploymentPostprocessing = 0;
		};
/* End PBXFrameworksBuildPhase section */

/* Begin PBXGroup section */
		20959BEC1AEA4D4500264598 = {
			isa = PBXGroup;
			children = (
				20959BF71AEA4D4500264598 /* Anıl Göktaş */,
				20959C0D1AEA4D4500264598 /* Anıl GöktaşTests */,
				20959BF61AEA4D4500264598 /* Products */,
				2012C1D11C0B8D89002FD7A1 /* Anıl Göktaş copy-Info.plist */,
			);
			sourceTree = "<group>";
		};
		20959BF61AEA4D4500264598 /* Products */ = {
			isa = PBXGroup;
			children = (
				20959BF51AEA4D4500264598 /* Anıl Göktaş.app */,
				20959C0A1AEA4D4500264598 /* Anıl GöktaşTests.xctest */,
			);
			name = Products;
			sourceTree = "<group>";
		};
		20959BF71AEA4D4500264598 /* Anıl Göktaş */ = {
			isa = PBXGroup;
			children = (
				20959BFA1AEA4D4500264598 /* AppDelegate.swift */,
				20959BFE1AEA4D4500264598 /* Main.storyboard */,
				20959C1E1AEA4D7800264598 /* Controller */,
				20959C201AEA7FBC00264598 /* View */,
				20959C1F1AEA4D8800264598 /* Model */,
				20959C011AEA4D4500264598 /* Images.xcassets */,
				20959C031AEA4D4500264598 /* LaunchScreen.xib */,
				20959BF81AEA4D4500264598 /* Supporting Files */,
			);
			path = "Anıl Göktaş";
			sourceTree = "<group>";
		};
		20959BF81AEA4D4500264598 /* Supporting Files */ = {
			isa = PBXGroup;
			children = (
				20959BF91AEA4D4500264598 /* Info.plist */,
			);
			name = "Supporting Files";
			sourceTree = "<group>";
		};
		20959C0D1AEA4D4500264598 /* Anıl GöktaşTests */ = {
			isa = PBXGroup;
			children = (
				20959C101AEA4D4500264598 /* An_l_Go_ktas_Tests.swift */,
				20959C0E1AEA4D4500264598 /* Supporting Files */,
			);
			path = "Anıl GöktaşTests";
			sourceTree = "<group>";
		};
		20959C0E1AEA4D4500264598 /* Supporting Files */ = {
			isa = PBXGroup;
			children = (
				20959C0F1AEA4D4500264598 /* Info.plist */,
			);
			name = "Supporting Files";
			sourceTree = "<group>";
		};
		20959C1E1AEA4D7800264598 /* Controller */ = {
			isa = PBXGroup;
			children = (
				20959BFC1AEA4D4500264598 /* IntroductionViewController.swift */,
				202FF3BD1AECB2F0007870AD /* IntroductionContainerViewController.swift */,
				20DB97551AEC42690028F8F7 /* TabBarController.swift */,
				20E91A9D1AECC49C00522460 /* ProjectsViewController.swift */,
				20E608121AECC6F9007AE65E /* ProjectViewController.swift */,
				20DB97511AEC0C430028F8F7 /* AboutViewController.swift */,
			);
			name = Controller;
			sourceTree = "<group>";
		};
		20959C1F1AEA4D8800264598 /* Model */ = {
			isa = PBXGroup;
			children = (
				20959C1A1AEA4D6C00264598 /* Project.swift */,
				20959C1B1AEA4D6C00264598 /* Projects.plist */,
			);
			name = Model;
			sourceTree = "<group>";
		};
		20959C201AEA7FBC00264598 /* View */ = {
			isa = PBXGroup;
			children = (
				20959C211AEA94AF00264598 /* UIExtension.swift */,
			);
			name = View;
			sourceTree = "<group>";
		};
/* End PBXGroup section */

/* Begin PBXNativeTarget section */
		20959BF41AEA4D4500264598 /* Anıl Göktaş */ = {
			isa = PBXNativeTarget;
			buildConfigurationList = 20959C141AEA4D4500264598 /* Build configuration list for PBXNativeTarget "Anıl Göktaş" */;
			buildPhases = (
				20959BF11AEA4D4500264598 /* Sources */,
				20959BF21AEA4D4500264598 /* Frameworks */,
				20959BF31AEA4D4500264598 /* Resources */,
			);
			buildRules = (
			);
			dependencies = (
			);
			name = "Anıl Göktaş";
			productName = "Anıl Göktaş";
			productReference = 20959BF51AEA4D4500264598 /* Anıl Göktaş.app */;
			productType = "com.apple.product-type.application";
		};
		20959C091AEA4D4500264598 /* Anıl GöktaşTests */ = {
			isa = PBXNativeTarget;
			buildConfigurationList = 20959C171AEA4D4500264598 /* Build configuration list for PBXNativeTarget "Anıl GöktaşTests" */;
			buildPhases = (
				20959C061AEA4D4500264598 /* Sources */,
				20959C071AEA4D4500264598 /* Frameworks */,
				20959C081AEA4D4500264598 /* Resources */,
			);
			buildRules = (
			);
			dependencies = (
				20959C0C1AEA4D4500264598 /* PBXTargetDependency */,
			);
			name = "Anıl GöktaşTests";
			productName = "Anıl GöktaşTests";
			productReference = 20959C0A1AEA4D4500264598 /* Anıl GöktaşTests.xctest */;
			productType = "com.apple.product-type.bundle.unit-test";
		};
/* End PBXNativeTarget section */

/* Begin PBXProject section */
		20959BED1AEA4D4500264598 /* Project object */ = {
			isa = PBXProject;
			attributes = {
				LastSwiftMigration = 0710;
				LastSwiftUpdateCheck = 0710;
				LastUpgradeCheck = 0710;
				ORGANIZATIONNAME = "Anıl Göktaş";
				TargetAttributes = {
					20959BF41AEA4D4500264598 = {
						CreatedOnToolsVersion = 6.3.1;
						DevelopmentTeam = 7CWJ7KK9KZ;
					};
					20959C091AEA4D4500264598 = {
						CreatedOnToolsVersion = 6.3.1;
						TestTargetID = 20959BF41AEA4D4500264598;
					};
				};
			};
			buildConfigurationList = 20959BF01AEA4D4500264598 /* Build configuration list for PBXProject "Anıl Göktaş" */;
			compatibilityVersion = "Xcode 3.2";
			developmentRegion = English;
			hasScannedForEncodings = 0;
			knownRegions = (
				en,
				Base,
			);
			mainGroup = 20959BEC1AEA4D4500264598;
			productRefGroup = 20959BF61AEA4D4500264598 /* Products */;
			projectDirPath = "";
			projectRoot = "";
			targets = (
				20959BF41AEA4D4500264598 /* Anıl Göktaş */,
				20959C091AEA4D4500264598 /* Anıl GöktaşTests */,
			);
		};
/* End PBXProject section */

/* Begin PBXResourcesBuildPhase section */
		20959BF31AEA4D4500264598 /* Resources */ = {
			isa = PBXResourcesBuildPhase;
			buildActionMask = 2147483647;
			files = (
				20959C001AEA4D4500264598 /* Main.storyboard in Resources */,
				20959C051AEA4D4500264598 /* LaunchScreen.xib in Resources */,
				20959C1D1AEA4D6C00264598 /* Projects.plist in Resources */,
				20959C021AEA4D4500264598 /* Images.xcassets in Resources */,
			);
			runOnlyForDeploymentPostprocessing = 0;
		};
		20959C081AEA4D4500264598 /* Resources */ = {
			isa = PBXResourcesBuildPhase;
			buildActionMask = 2147483647;
			files = (
			);
			runOnlyForDeploymentPostprocessing = 0;
		};
/* End PBXResourcesBuildPhase section */

/* Begin PBXSourcesBuildPhase section */
		20959BF11AEA4D4500264598 /* Sources */ = {
			isa = PBXSourcesBuildPhase;
			buildActionMask = 2147483647;
			files = (
				20DB97521AEC0C430028F8F7 /* AboutViewController.swift in Sources */,
				202FF3BE1AECB2F0007870AD /* IntroductionContainerViewController.swift in Sources */,
				20959C221AEA94AF00264598 /* UIExtension.swift in Sources */,
				20959BFD1AEA4D4500264598 /* IntroductionViewController.swift in Sources */,
				20E608131AECC6F9007AE65E /* ProjectViewController.swift in Sources */,
				20DB97561AEC42690028F8F7 /* TabBarController.swift in Sources */,
				20959BFB1AEA4D4500264598 /* AppDelegate.swift in Sources */,
				20959C1C1AEA4D6C00264598 /* Project.swift in Sources */,
				20E91A9E1AECC49C00522460 /* ProjectsViewController.swift in Sources */,
			);
			runOnlyForDeploymentPostprocessing = 0;
		};
		20959C061AEA4D4500264598 /* Sources */ = {
			isa = PBXSourcesBuildPhase;
			buildActionMask = 2147483647;
			files = (
				20959C111AEA4D4500264598 /* An_l_Go_ktas_Tests.swift in Sources */,
			);
			runOnlyForDeploymentPostprocessing = 0;
		};
/* End PBXSourcesBuildPhase section */

/* Begin PBXTargetDependency section */
		20959C0C1AEA4D4500264598 /* PBXTargetDependency */ = {
			isa = PBXTargetDependency;
			target = 20959BF41AEA4D4500264598 /* Anıl Göktaş */;
			targetProxy = 20959C0B1AEA4D4500264598 /* PBXContainerItemProxy */;
		};
/* End PBXTargetDependency section */

/* Begin PBXVariantGroup section */
		20959BFE1AEA4D4500264598 /* Main.storyboard */ = {
			isa = PBXVariantGroup;
			children = (
				20959BFF1AEA4D4500264598 /* Base */,
			);
			name = Main.storyboard;
			sourceTree = "<group>";
		};
		20959C031AEA4D4500264598 /* LaunchScreen.xib */ = {
			isa = PBXVariantGroup;
			children = (
				20959C041AEA4D4500264598 /* Base */,
			);
			name = LaunchScreen.xib;
			sourceTree = "<group>";
		};
/* End PBXVariantGroup section */

/* Begin XCBuildConfiguration section */
		20959C121AEA4D4500264598 /* Debug */ = {
			isa = XCBuildConfiguration;
			buildSettings = {
				ALWAYS_SEARCH_USER_PATHS = NO;
				CLANG_CXX_LANGUAGE_STANDARD = "gnu++0x";
				CLANG_CXX_LIBRARY = "libc++";
				CLANG_ENABLE_MODULES = YES;
				CLANG_ENABLE_OBJC_ARC = YES;
				CLANG_WARN_BOOL_CONVERSION = YES;
				CLANG_WARN_CONSTANT_CONVERSION = YES;
				CLANG_WARN_DIRECT_OBJC_ISA_USAGE = YES_ERROR;
				CLANG_WARN_EMPTY_BODY = YES;
				CLANG_WARN_ENUM_CONVERSION = YES;
				CLANG_WARN_INT_CONVERSION = YES;
				CLANG_WARN_OBJC_ROOT_CLASS = YES_ERROR;
				CLANG_WARN_UNREACHABLE_CODE = YES;
				CLANG_WARN__DUPLICATE_METHOD_MATCH = YES;
				"CODE_SIGN_IDENTITY[sdk=iphoneos*]" = "iPhone Developer";
				COPY_PHASE_STRIP = NO;
				DEBUG_INFORMATION_FORMAT = "dwarf-with-dsym";
				ENABLE_STRICT_OBJC_MSGSEND = YES;
				ENABLE_TESTABILITY = YES;
				GCC_C_LANGUAGE_STANDARD = gnu99;
				GCC_DYNAMIC_NO_PIC = NO;
				GCC_NO_COMMON_BLOCKS = YES;
				GCC_OPTIMIZATION_LEVEL = 0;
				GCC_PREPROCESSOR_DEFINITIONS = (
					"DEBUG=1",
					"$(inherited)",
				);
				GCC_SYMBOLS_PRIVATE_EXTERN = NO;
				GCC_WARN_64_TO_32_BIT_CONVERSION = YES;
				GCC_WARN_ABOUT_RETURN_TYPE = YES_ERROR;
				GCC_WARN_UNDECLARED_SELECTOR = YES;
				GCC_WARN_UNINITIALIZED_AUTOS = YES_AGGRESSIVE;
				GCC_WARN_UNUSED_FUNCTION = YES;
				GCC_WARN_UNUSED_VARIABLE = YES;
				IPHONEOS_DEPLOYMENT_TARGET = 8.3;
				MTL_ENABLE_DEBUG_INFO = YES;
				ONLY_ACTIVE_ARCH = YES;
				SDKROOT = iphoneos;
				SWIFT_OPTIMIZATION_LEVEL = "-Onone";
				TARGETED_DEVICE_FAMILY = "1,2";
			};
			name = Debug;
		};
		20959C131AEA4D4500264598 /* Release */ = {
			isa = XCBuildConfiguration;
			buildSettings = {
				ALWAYS_SEARCH_USER_PATHS = NO;
				CLANG_CXX_LANGUAGE_STANDARD = "gnu++0x";
				CLANG_CXX_LIBRARY = "libc++";
				CLANG_ENABLE_MODULES = YES;
				CLANG_ENABLE_OBJC_ARC = YES;
				CLANG_WARN_BOOL_CONVERSION = YES;
				CLANG_WARN_CONSTANT_CONVERSION = YES;
				CLANG_WARN_DIRECT_OBJC_ISA_USAGE = YES_ERROR;
				CLANG_WARN_EMPTY_BODY = YES;
				CLANG_WARN_ENUM_CONVERSION = YES;
				CLANG_WARN_INT_CONVERSION = YES;
				CLANG_WARN_OBJC_ROOT_CLASS = YES_ERROR;
				CLANG_WARN_UNREACHABLE_CODE = YES;
				CLANG_WARN__DUPLICATE_METHOD_MATCH = YES;
				"CODE_SIGN_IDENTITY[sdk=iphoneos*]" = "iPhone Developer";
				COPY_PHASE_STRIP = NO;
				DEBUG_INFORMATION_FORMAT = "dwarf-with-dsym";
				ENABLE_NS_ASSERTIONS = NO;
				ENABLE_STRICT_OBJC_MSGSEND = YES;
				GCC_C_LANGUAGE_STANDARD = gnu99;
				GCC_NO_COMMON_BLOCKS = YES;
				GCC_WARN_64_TO_32_BIT_CONVERSION = YES;
				GCC_WARN_ABOUT_RETURN_TYPE = YES_ERROR;
				GCC_WARN_UNDECLARED_SELECTOR = YES;
				GCC_WARN_UNINITIALIZED_AUTOS = YES_AGGRESSIVE;
				GCC_WARN_UNUSED_FUNCTION = YES;
				GCC_WARN_UNUSED_VARIABLE = YES;
				IPHONEOS_DEPLOYMENT_TARGET = 8.3;
				MTL_ENABLE_DEBUG_INFO = NO;
				SDKROOT = iphoneos;
				TARGETED_DEVICE_FAMILY = "1,2";
				VALIDATE_PRODUCT = YES;
			};
			name = Release;
		};
		20959C151AEA4D4500264598 /* Debug */ = {
			isa = XCBuildConfiguration;
			buildSettings = {
				ASSETCATALOG_COMPILER_APPICON_NAME = AppIcon;
				CODE_SIGN_IDENTITY = "iPhone Developer";
				INFOPLIST_FILE = "Anıl Göktaş/Info.plist";
				LD_RUNPATH_SEARCH_PATHS = "$(inherited) @executable_path/Frameworks";
				PRODUCT_BUNDLE_IDENTIFIER = "com.anilgoktas.$(PRODUCT_NAME:rfc1034identifier)";
				PRODUCT_NAME = "$(TARGET_NAME)";
			};
			name = Debug;
		};
		20959C161AEA4D4500264598 /* Release */ = {
			isa = XCBuildConfiguration;
			buildSettings = {
				ASSETCATALOG_COMPILER_APPICON_NAME = AppIcon;
				CODE_SIGN_IDENTITY = "iPhone Developer";
				INFOPLIST_FILE = "Anıl Göktaş/Info.plist";
				LD_RUNPATH_SEARCH_PATHS = "$(inherited) @executable_path/Frameworks";
				PRODUCT_BUNDLE_IDENTIFIER = "com.anilgoktas.$(PRODUCT_NAME:rfc1034identifier)";
				PRODUCT_NAME = "$(TARGET_NAME)";
			};
			name = Release;
		};
		20959C181AEA4D4500264598 /* Debug */ = {
			isa = XCBuildConfiguration;
			buildSettings = {
				BUNDLE_LOADER = "$(TEST_HOST)";
				FRAMEWORK_SEARCH_PATHS = (
					"$(SDKROOT)/Developer/Library/Frameworks",
					"$(inherited)",
				);
				GCC_PREPROCESSOR_DEFINITIONS = (
					"DEBUG=1",
					"$(inherited)",
				);
				INFOPLIST_FILE = "Anıl GöktaşTests/Info.plist";
				LD_RUNPATH_SEARCH_PATHS = "$(inherited) @executable_path/Frameworks @loader_path/Frameworks";
				PRODUCT_BUNDLE_IDENTIFIER = "com.anilgoktas.$(PRODUCT_NAME:rfc1034identifier)";
				PRODUCT_NAME = "$(TARGET_NAME)";
				TEST_HOST = "$(BUILT_PRODUCTS_DIR)/Anıl Göktaş.app/Anıl Göktaş";
			};
			name = Debug;
		};
		20959C191AEA4D4500264598 /* Release */ = {
			isa = XCBuildConfiguration;
			buildSettings = {
				BUNDLE_LOADER = "$(TEST_HOST)";
				FRAMEWORK_SEARCH_PATHS = (
					"$(SDKROOT)/Developer/Library/Frameworks",
					"$(inherited)",
				);
				INFOPLIST_FILE = "Anıl GöktaşTests/Info.plist";
				LD_RUNPATH_SEARCH_PATHS = "$(inherited) @executable_path/Frameworks @loader_path/Frameworks";
				PRODUCT_BUNDLE_IDENTIFIER = "com.anilgoktas.$(PRODUCT_NAME:rfc1034identifier)";
				PRODUCT_NAME = "$(TARGET_NAME)";
				TEST_HOST = "$(BUILT_PRODUCTS_DIR)/Anıl Göktaş.app/Anıl Göktaş";
			};
			name = Release;
		};
/* End XCBuildConfiguration section */

/* Begin XCConfigurationList section */
		20959BF01AEA4D4500264598 /* Build configuration list for PBXProject "Anıl Göktaş" */ = {
			isa = XCConfigurationList;
			buildConfigurations = (
				20959C121AEA4D4500264598 /* Debug */,
				20959C131AEA4D4500264598 /* Release */,
			);
			defaultConfigurationIsVisible = 0;
			defaultConfigurationName = Release;
		};
		20959C141AEA4D4500264598 /* Build configuration list for PBXNativeTarget "Anıl Göktaş" */ = {
			isa = XCConfigurationList;
			buildConfigurations = (
				20959C151AEA4D4500264598 /* Debug */,
				20959C161AEA4D4500264598 /* Release */,
			);
			defaultConfigurationIsVisible = 0;
			defaultConfigurationName = Release;
		};
		20959C171AEA4D4500264598 /* Build configuration list for PBXNativeTarget "Anıl GöktaşTests" */ = {
			isa = XCConfigurationList;
			buildConfigurations = (
				20959C181AEA4D4500264598 /* Debug */,
				20959C191AEA4D4500264598 /* Release */,
			);
			defaultConfigurationIsVisible = 0;
			defaultConfigurationName = Release;
		};
/* End XCConfigurationList section */
	};
	rootObject = 20959BED1AEA4D4500264598 /* Project object */;
}
